<?xml version="1.0" encoding="UTF-8" standalone="yes" ?>
<CodeBlocks_project_file>
	<FileVersion major="1" minor="6" />
	<Project>
		<Option title="WhyPad" />
		<Option pch_mode="2" />
		<Option compiler="gcc" />
		<Build>
			<Target title="Debug">
				<Option output="bin/Debug/WhyPad" prefix_auto="1" extension_auto="1" />
				<Option object_output="obj/Debug/" />
				<Option type="1" />
				<Option compiler="gcc" />
				<Compiler>
					<Add option="-g" />
				</Compiler>
			</Target>
			<Target title="Release">
				<Option output="bin/Release/WhyPad" prefix_auto="1" extension_auto="1" />
				<Option object_output="obj/Release/" />
				<Option type="1" />
				<Option compiler="gcc" />
				<Compiler>
					<Add option="-O2" />
				</Compiler>
				<Linker>
					<Add option="-s" />
				</Linker>
			</Target>
		</Build>
		<Compiler>
			<Add option="-Wall" />
			<Add option="-fexceptions" />
		</Compiler>
		<Unit filename="Header/dummy_file.h" />
		<Unit filename="Header/entity.h" />
		<Unit filename="Header/insert_mode.h" />
		<Unit filename="Header/menu.h" />
		<Unit filename="Header/normal_mode.h" />
		<Unit filename="Header/standard.h" />
		<Unit filename="Source/dummy_file.cpp" />
		<Unit filename="Source/entity.cpp" />
		<Unit filename="Source/insert_mode.cpp" />
		<Unit filename="Source/main.cpp" />
		<Unit filename="Source/menu.cpp" />
		<Unit filename="Source/normal_mode.cpp" />
		<Unit filename="Source/standard.cpp" />
		<Unit filename="Testing/test_dummy_file.cpp" />
		<Unit filename="Testing/test_normal_mode.cpp" />
		<Extensions />
	</Project>
</CodeBlocks_project_file>
